
Microsoft Visual Studio Solution File, Format Version 12.00
# Visual Studio Version 16
VisualStudioVersion = 16.0.30907.101
MinimumVisualStudioVersion = 10.0.40219.1
Project("{FAE04EC0-301F-11D3-BF4B-00C04F79EFBC}") = "Task_1", "Task_1\Task_1.csproj", "{7400F984-7629-409B-878D-22251A0DF531}"
EndProject
Project("{FAE04EC0-301F-11D3-BF4B-00C04F79EFBC}") = "Task_2", "Task_2\Task_2.csproj", "{1B2F1E01-6812-4DB9-8E27-F503EC436F42}"
EndProject
Project("{FAE04EC0-301F-11D3-BF4B-00C04F79EFBC}") = "Task_3", "Task_3\Task_3.csproj", "{834BD31F-5107-4B01-8914-0D2D3A5EDF38}"
EndProject
Project("{FAE04EC0-301F-11D3-BF4B-00C04F79EFBC}") = "Task_5", "Task_5\Task_5.csproj", "{C20BFB6B-29E2-429E-97B0-B1427352AC86}"
EndProject
Global
	GlobalSection(SolutionConfigurationPlatforms) = preSolution
		Debug|Any CPU = Debug|Any CPU
		Release|Any CPU = Release|Any CPU
	EndGlobalSection
	GlobalSection(ProjectConfigurationPlatforms) = postSolution
		{7400F984-7629-409B-878D-22251A0DF531}.Debug|Any CPU.ActiveCfg = Debug|Any CPU
		{7400F984-7629-409B-878D-22251A0DF531}.Debug|Any CPU.Build.0 = Debug|Any CPU
		{7400F984-7629-409B-878D-22251A0DF531}.Release|Any CPU.ActiveCfg = Release|Any CPU
		{7400F984-7629-409B-878D-22251A0DF531}.Release|Any CPU.Build.0 = Release|Any CPU
		{1B2F1E01-6812-4DB9-8E27-F503EC436F42}.Debug|Any CPU.ActiveCfg = Debug|Any CPU
		{1B2F1E01-6812-4DB9-8E27-F503EC436F42}.Debug|Any CPU.Build.0 = Debug|Any CPU
		{1B2F1E01-6812-4DB9-8E27-F503EC436F42}.Release|Any CPU.ActiveCfg = Release|Any CPU
		{1B2F1E01-6812-4DB9-8E27-F503EC436F42}.Release|Any CPU.Build.0 = Release|Any CPU
		{834BD31F-5107-4B01-8914-0D2D3A5EDF38}.Debug|Any CPU.ActiveCfg = Debug|Any CPU
		{834BD31F-5107-4B01-8914-0D2D3A5EDF38}.Debug|Any CPU.Build.0 = Debug|Any CPU
		{834BD31F-5107-4B01-8914-0D2D3A5EDF38}.Release|Any CPU.ActiveCfg = Release|Any CPU
		{834BD31F-5107-4B01-8914-0D2D3A5EDF38}.Release|Any CPU.Build.0 = Release|Any CPU
		{C20BFB6B-29E2-429E-97B0-B1427352AC86}.Debug|Any CPU.ActiveCfg = Debug|Any CPU
		{C20BFB6B-29E2-429E-97B0-B1427352AC86}.Debug|Any CPU.Build.0 = Debug|Any CPU
		{C20BFB6B-29E2-429E-97B0-B1427352AC86}.Release|Any CPU.ActiveCfg = Release|Any CPU
		{C20BFB6B-29E2-429E-97B0-B1427352AC86}.Release|Any CPU.Build.0 = Release|Any CPU
	EndGlobalSection
	GlobalSection(SolutionProperties) = preSolution
		HideSolutionNode = FALSE
	EndGlobalSection
	GlobalSection(ExtensibilityGlobals) = postSolution
		SolutionGuid = {85FD2E03-CD98-4598-909A-768DBA79C9C7}
	EndGlobalSection
EndGlobal
