
Microsoft Visual Studio Solution File, Format Version 12.00
# Visual Studio 15
VisualStudioVersion = 15.0.28307.1340
MinimumVisualStudioVersion = 10.0.40219.1
Project("{FAE04EC0-301F-11D3-BF4B-00C04F79EFBC}") = "Task_6", "Task_6\Task_6.csproj", "{54145132-59B6-4D3D-8158-5B7EE7B08217}"
EndProject
Global
	GlobalSection(SolutionConfigurationPlatforms) = preSolution
		Debug|Any CPU = Debug|Any CPU
		Release|Any CPU = Release|Any CPU
	EndGlobalSection
	GlobalSection(ProjectConfigurationPlatforms) = postSolution
		{54145132-59B6-4D3D-8158-5B7EE7B08217}.Debug|Any CPU.ActiveCfg = Debug|Any CPU
		{54145132-59B6-4D3D-8158-5B7EE7B08217}.Debug|Any CPU.Build.0 = Debug|Any CPU
		{54145132-59B6-4D3D-8158-5B7EE7B08217}.Release|Any CPU.ActiveCfg = Release|Any CPU
		{54145132-59B6-4D3D-8158-5B7EE7B08217}.Release|Any CPU.Build.0 = Release|Any CPU
	EndGlobalSection
	GlobalSection(SolutionProperties) = preSolution
		HideSolutionNode = FALSE
	EndGlobalSection
	GlobalSection(ExtensibilityGlobals) = postSolution
		SolutionGuid = {95287A8C-5C58-4A33-B431-3770ADFE81E4}
	EndGlobalSection
EndGlobal
