
Microsoft Visual Studio Solution File, Format Version 12.00
# Visual Studio Version 16
VisualStudioVersion = 16.0.30907.101
MinimumVisualStudioVersion = 10.0.40219.1
Project("{FAE04EC0-301F-11D3-BF4B-00C04F79EFBC}") = "Decomposition", "Decomposition\Decomposition.csproj", "{2D191A63-C018-417B-9F52-59EB5C0CF031}"
EndProject
Global
	GlobalSection(SolutionConfigurationPlatforms) = preSolution
		Debug|Any CPU = Debug|Any CPU
		Release|Any CPU = Release|Any CPU
	EndGlobalSection
	GlobalSection(ProjectConfigurationPlatforms) = postSolution
		{2D191A63-C018-417B-9F52-59EB5C0CF031}.Debug|Any CPU.ActiveCfg = Debug|Any CPU
		{2D191A63-C018-417B-9F52-59EB5C0CF031}.Debug|Any CPU.Build.0 = Debug|Any CPU
		{2D191A63-C018-417B-9F52-59EB5C0CF031}.Release|Any CPU.ActiveCfg = Release|Any CPU
		{2D191A63-C018-417B-9F52-59EB5C0CF031}.Release|Any CPU.Build.0 = Release|Any CPU
	EndGlobalSection
	GlobalSection(SolutionProperties) = preSolution
		HideSolutionNode = FALSE
	EndGlobalSection
	GlobalSection(ExtensibilityGlobals) = postSolution
		SolutionGuid = {19EB6BC9-1B9F-478E-B59C-28FACE5F0F03}
	EndGlobalSection
EndGlobal
