
Microsoft Visual Studio Solution File, Format Version 12.00
# Visual Studio Version 16
VisualStudioVersion = 16.0.30907.101
MinimumVisualStudioVersion = 10.0.40219.1
Project("{FAE04EC0-301F-11D3-BF4B-00C04F79EFBC}") = "Task_1", "Diagonal\Task_1.csproj", "{950BE201-D185-4D4F-90C4-D070E4022403}"
EndProject
Global
	GlobalSection(SolutionConfigurationPlatforms) = preSolution
		Debug|Any CPU = Debug|Any CPU
		Release|Any CPU = Release|Any CPU
	EndGlobalSection
	GlobalSection(ProjectConfigurationPlatforms) = postSolution
		{950BE201-D185-4D4F-90C4-D070E4022403}.Debug|Any CPU.ActiveCfg = Debug|Any CPU
		{950BE201-D185-4D4F-90C4-D070E4022403}.Debug|Any CPU.Build.0 = Debug|Any CPU
		{950BE201-D185-4D4F-90C4-D070E4022403}.Release|Any CPU.ActiveCfg = Release|Any CPU
		{950BE201-D185-4D4F-90C4-D070E4022403}.Release|Any CPU.Build.0 = Release|Any CPU
	EndGlobalSection
	GlobalSection(SolutionProperties) = preSolution
		HideSolutionNode = FALSE
	EndGlobalSection
	GlobalSection(ExtensibilityGlobals) = postSolution
		SolutionGuid = {248B49C8-1DA8-4A7E-ADC2-822C1B67EC7C}
	EndGlobalSection
EndGlobal
